
Microsoft Visual Studio Solution File, Format Version 12.00
# Visual Studio Version 17
VisualStudioVersion = 17.5.002.0
MinimumVisualStudioVersion = 10.0.40219.1
Project("{9A19103F-16F7-4668-BE54-9A1E7A4F7556}") = "BreezeBuy", "BreezeBuy\BreezeBuy.csproj", "{B730E9C1-505F-4E36-A5D1-F49164D00203}"
EndProject
Global
	GlobalSection(SolutionConfigurationPlatforms) = preSolution
		Debug|Any CPU = Debug|Any CPU
		Release|Any CPU = Release|Any CPU
	EndGlobalSection
	GlobalSection(ProjectConfigurationPlatforms) = postSolution
		{B730E9C1-505F-4E36-A5D1-F49164D00203}.Debug|Any CPU.ActiveCfg = Debug|Any CPU
		{B730E9C1-505F-4E36-A5D1-F49164D00203}.Debug|Any CPU.Build.0 = Debug|Any CPU
		{B730E9C1-505F-4E36-A5D1-F49164D00203}.Release|Any CPU.ActiveCfg = Release|Any CPU
		{B730E9C1-505F-4E36-A5D1-F49164D00203}.Release|Any CPU.Build.0 = Release|Any CPU
	EndGlobalSection
	GlobalSection(SolutionProperties) = preSolution
		HideSolutionNode = FALSE
	EndGlobalSection
	GlobalSection(ExtensibilityGlobals) = postSolution
		SolutionGuid = {6220AEA3-E389-4210-A1CD-DB1DC4819012}
	EndGlobalSection
EndGlobal
